
Microsoft Visual Studio Solution File, Format Version 12.00
Project("{FAE04EC0-301F-11D3-BF4B-00C04F79EFBC}") = "ProjectFM", "ProjectFM\ProjectFM.csproj", "{59FD31A9-D595-4357-A590-15806EAA01EF}"
EndProject
Global
	GlobalSection(SolutionConfigurationPlatforms) = preSolution
		Debug|Any CPU = Debug|Any CPU
		Release|Any CPU = Release|Any CPU
	EndGlobalSection
	GlobalSection(ProjectConfigurationPlatforms) = postSolution
		{59FD31A9-D595-4357-A590-15806EAA01EF}.Debug|Any CPU.ActiveCfg = Debug|Any CPU
		{59FD31A9-D595-4357-A590-15806EAA01EF}.Debug|Any CPU.Build.0 = Debug|Any CPU
		{59FD31A9-D595-4357-A590-15806EAA01EF}.Release|Any CPU.ActiveCfg = Release|Any CPU
		{59FD31A9-D595-4357-A590-15806EAA01EF}.Release|Any CPU.Build.0 = Release|Any CPU
	EndGlobalSection
EndGlobal
